
Microsoft Visual Studio Solution File, Format Version 12.00
# Visual Studio 15
VisualStudioVersion = 15.0.27428.2015
MinimumVisualStudioVersion = 10.0.40219.1
Project("{FAE04EC0-301F-11D3-BF4B-00C04F79EFBC}") = "OvnPersonalRegister", "OvnPersonalRegister\OvnPersonalRegister.csproj", "{53D0EB00-D811-46D5-B411-F4432666FB21}"
EndProject
Global
	GlobalSection(SolutionConfigurationPlatforms) = preSolution
		Debug|Any CPU = Debug|Any CPU
		Release|Any CPU = Release|Any CPU
	EndGlobalSection
	GlobalSection(ProjectConfigurationPlatforms) = postSolution
		{53D0EB00-D811-46D5-B411-F4432666FB21}.Debug|Any CPU.ActiveCfg = Debug|Any CPU
		{53D0EB00-D811-46D5-B411-F4432666FB21}.Debug|Any CPU.Build.0 = Debug|Any CPU
		{53D0EB00-D811-46D5-B411-F4432666FB21}.Release|Any CPU.ActiveCfg = Release|Any CPU
		{53D0EB00-D811-46D5-B411-F4432666FB21}.Release|Any CPU.Build.0 = Release|Any CPU
	EndGlobalSection
	GlobalSection(SolutionProperties) = preSolution
		HideSolutionNode = FALSE
	EndGlobalSection
	GlobalSection(ExtensibilityGlobals) = postSolution
		SolutionGuid = {9F143D75-CF63-452B-B45C-94924B068171}
	EndGlobalSection
EndGlobal
